
Microsoft Visual Studio Solution File, Format Version 12.00
# Visual Studio Version 17
VisualStudioVersion = 17.9.34622.214
MinimumVisualStudioVersion = 10.0.40219.1
Project("{9A19103F-16F7-4668-BE54-9A1E7A4F7556}") = "AIChef.Server", "Server\AIChef.Server.csproj", "{F4134C63-760C-4E9D-9873-DC67CBFE6657}"
EndProject
Project("{9A19103F-16F7-4668-BE54-9A1E7A4F7556}") = "AIChef.Client", "Client\AIChef.Client.csproj", "{088CE459-33AA-4F2F-9E8E-97D63D667023}"
EndProject
Project("{9A19103F-16F7-4668-BE54-9A1E7A4F7556}") = "AIChef.Shared", "Shared\AIChef.Shared.csproj", "{D91FD8A7-AFD0-45C9-9B1F-E8795E4672FD}"
EndProject
Global
	GlobalSection(SolutionConfigurationPlatforms) = preSolution
		Debug|Any CPU = Debug|Any CPU
		Release|Any CPU = Release|Any CPU
	EndGlobalSection
	GlobalSection(ProjectConfigurationPlatforms) = postSolution
		{F4134C63-760C-4E9D-9873-DC67CBFE6657}.Debug|Any CPU.ActiveCfg = Debug|Any CPU
		{F4134C63-760C-4E9D-9873-DC67CBFE6657}.Debug|Any CPU.Build.0 = Debug|Any CPU
		{F4134C63-760C-4E9D-9873-DC67CBFE6657}.Release|Any CPU.ActiveCfg = Release|Any CPU
		{F4134C63-760C-4E9D-9873-DC67CBFE6657}.Release|Any CPU.Build.0 = Release|Any CPU
		{088CE459-33AA-4F2F-9E8E-97D63D667023}.Debug|Any CPU.ActiveCfg = Debug|Any CPU
		{088CE459-33AA-4F2F-9E8E-97D63D667023}.Debug|Any CPU.Build.0 = Debug|Any CPU
		{088CE459-33AA-4F2F-9E8E-97D63D667023}.Release|Any CPU.ActiveCfg = Release|Any CPU
		{088CE459-33AA-4F2F-9E8E-97D63D667023}.Release|Any CPU.Build.0 = Release|Any CPU
		{D91FD8A7-AFD0-45C9-9B1F-E8795E4672FD}.Debug|Any CPU.ActiveCfg = Debug|Any CPU
		{D91FD8A7-AFD0-45C9-9B1F-E8795E4672FD}.Debug|Any CPU.Build.0 = Debug|Any CPU
		{D91FD8A7-AFD0-45C9-9B1F-E8795E4672FD}.Release|Any CPU.ActiveCfg = Release|Any CPU
		{D91FD8A7-AFD0-45C9-9B1F-E8795E4672FD}.Release|Any CPU.Build.0 = Release|Any CPU
	EndGlobalSection
	GlobalSection(SolutionProperties) = preSolution
		HideSolutionNode = FALSE
	EndGlobalSection
	GlobalSection(ExtensibilityGlobals) = postSolution
		SolutionGuid = {16C67AC2-47C0-426E-BDB3-C0CD80CE0D7C}
	EndGlobalSection
EndGlobal
